# THIS IS AN AUTOGENERATED FILE. DO NOT EDIT THIS FILE DIRECTLY.
# yarn lockfile v1


bobril-flex-ie10@*, bobril-flex-ie10@^1.1.1:
  version "1.1.1"
  resolved "https://registry.yarnpkg.com/bobril-flex-ie10/-/bobril-flex-ie10-1.1.1.tgz#181b998f942b55036934f0a11e7d85d8689e9690"
  dependencies:
    bobril "*"

bobril-m-icons@*:
  version "2.0.0"
  resolved "https://registry.yarnpkg.com/bobril-m-icons/-/bobril-m-icons-2.0.0.tgz#3c792ce64640d6c5735006aee8b0d14368e56a50"
  dependencies:
    bobril "*"

bobril-m@^0.8.0:
  version "0.8.0"
  resolved "https://registry.yarnpkg.com/bobril-m/-/bobril-m-0.8.0.tgz#43f2f79f6baf4518ee8431f0353feb8a7a788597"
  dependencies:
    bobril "*"
    bobril-flex-ie10 "*"
    bobril-m-icons "*"
    webfontloader "^1.6.21"

bobril@*, bobril@5.3.1:
  version "5.3.1"
  resolved "https://registry.yarnpkg.com/bobril/-/bobril-5.3.1.tgz#fde48ecf610129a6992e3ce883148dd9720ac4b8"

chart.js@2.5.0:
  version "2.5.0"
  resolved "https://registry.yarnpkg.com/chart.js/-/chart.js-2.5.0.tgz#fe6e751a893769f56e72bee5ad91207e1c592957"
  dependencies:
    chartjs-color "^2.0.0"
    moment "^2.10.6"

chartjs-color-string@^0.4.0:
  version "0.4.0"
  resolved "https://registry.yarnpkg.com/chartjs-color-string/-/chartjs-color-string-0.4.0.tgz#57748d4530ae28d8db0a5492182ba06dfdf2f468"
  dependencies:
    color-name "^1.0.0"

chartjs-color@^2.0.0:
  version "2.0.0"
  resolved "https://registry.yarnpkg.com/chartjs-color/-/chartjs-color-2.0.0.tgz#7f60c7256589b24914814ece757659117381e35b"
  dependencies:
    chartjs-color-string "^0.4.0"
    color-convert "^0.5.3"

color-convert@^0.5.3:
  version "0.5.3"
  resolved "https://registry.yarnpkg.com/color-convert/-/color-convert-0.5.3.tgz#bdb6c69ce660fadffe0b0007cc447e1b9f7282bd"

color-name@^1.0.0:
  version "1.1.1"
  resolved "https://registry.yarnpkg.com/color-name/-/color-name-1.1.1.tgz#4b1415304cf50028ea81643643bd82ea05803689"

moment@^2.10.6:
  version "2.17.1"
  resolved "https://registry.yarnpkg.com/moment/-/moment-2.17.1.tgz#fed9506063f36b10f066c8b59a144d7faebe1d82"

webfontloader@^1.6.21:
  version "1.6.27"
  resolved "https://registry.yarnpkg.com/webfontloader/-/webfontloader-1.6.27.tgz#c3899649b0653aa57d0a23388f82409e0df224ba"
